---
lockfileVersion: '9.0'

importers:

  .:
    configDependencies: {}
    packageManagerDependencies:
      pnpm:
        specifier: 12.5.1
        version: 12.5.1

packages:

  '@pnpm/exe.android-arm64@12.5.1':
    resolution: {integrity: sha512-6LGBmQuDzUmgpHSuy+haG0jrmkwFNa4EuShDZqK3cIBv4Wfb75CzjJmowkzr+iJg40vnBKMQ62t4Ko6mwsId7A==}
    cpu: [arm64]
    os: [android]

  '@pnpm/exe.android-x64@12.5.1':
    resolution: {integrity: sha512-091oCltP3Rx89yxL1Wh5rXkUXEyFzyxIzSHKRFDyDFlQkb8Ox8FaDcm+M8PNkMyqnLA+qeGOLzY7Rjj9izl1Ww==}
    cpu: [x64]
    os: [android]

  '@pnpm/exe.darwin-arm64@12.5.1':
    resolution: {integrity: sha512-r1vEMQPVjRexZMyL2HonxJoo3+nuB/+G+tg+f2PK6faRdXX1TDwevKXOxJAfqlPInTy6W/pm912+s+m0NcR4BQ==}
    cpu: [arm64]
    os: [darwin]

  '@pnpm/exe.darwin-x64@12.5.1':
    resolution: {integrity: sha512-YHwI1g2B+Y2cAEylOR31r781GWijdJL7Gy7TEn/ZpZ5v/Cuwp5/Pz0EFCgo0M2MKLafAbL/laUMGvOpAdnerAw==}
    cpu: [x64]
    os: [darwin]

  '@pnpm/exe.freebsd-x64@12.5.1':
    resolution: {integrity: sha512-sFUMHiYFs6q5syFwgaVppzhQSmqnXoJIz/YwTXIOXTDE76ndIpTRpDGAnBCBKjsaEBnqjJA/2l6hpJcNDNoMiA==}
    cpu: [x64]
    os: [freebsd]

  '@pnpm/exe.linux-arm64-musl@12.5.1':
    resolution: {integrity: sha512-zupuxYZBuBEGjUz805/4/Asq01UNziFADANt8yp+LdUjU9bbMa3xY78Bx1PsGDqBy7aiad4sdUMK8ZxH4n4gmQ==}
    cpu: [arm64]
    os: [linux]
    libc: [musl]

  '@pnpm/exe.linux-arm64@12.5.1':
    resolution: {integrity: sha512-6hbMWW2/eQo1b5wvQPe/ndLHVTH88Rav6N+ffD4/h6IuFMjWCgasFYYsFv0GrvpqREAx3SwmZSvli+0NFXqbxA==}
    cpu: [arm64]
    os: [linux]
    libc: [glibc]

  '@pnpm/exe.linux-ppc64@12.5.1':
    resolution: {integrity: sha512-Gg3maDzaE/ZFMV9HIx/BwMN0Y6QbEs13URfxmiYHtKjjLAs5wEQZRMUP87YNLYO7cNaEfbM8GRbS9vPosyD9Gw==}
    cpu: [ppc64]
    os: [linux]
    libc: [glibc]

  '@pnpm/exe.linux-riscv64@12.5.1':
    resolution: {integrity: sha512-6fgWxXYMBMsWQ8DAiRevscX4QZQjwh+FsyCj8ZOk8pMXvqeq84MqBLCmS6KckvnbdqJ+HlSVQ7fs/kd0ldwfhA==}
    cpu: [riscv64]
    os: [linux]
    libc: [glibc]

  '@pnpm/exe.linux-s390x@12.5.1':
    resolution: {integrity: sha512-nzMZruRvxDhEfYUhzu+7EmM39+82Dgagc/6hPFPqGqzXNGcIG0anuxbUxfeNtI64SHt91KuuYUmCB/inlM+Pag==}
    cpu: [s390x]
    os: [linux]
    libc: [glibc]

  '@pnpm/exe.linux-x64-musl@12.5.1':
    resolution: {integrity: sha512-kHCbegdTNHpzmPtUD4S5fqkVkqgdQR47spF9p2VPP3dIIkZl6Ytk8w0vhlAsAGgge8FmucfwX+vvPKgm0NtOCQ==}
    cpu: [x64]
    os: [linux]
    libc: [musl]

  '@pnpm/exe.linux-x64@12.5.1':
    resolution: {integrity: sha512-3PkUBYo5z4dgtlnTNIFj7QGpcDUAuqXz9WGVigPDCeccEnhGiRkWmA5102TmYJHtwJP3LfmE+ZF9PGeWhn8p9Q==}
    cpu: [x64]
    os: [linux]
    libc: [glibc]

  '@pnpm/exe.win32-arm64@12.5.1':
    resolution: {integrity: sha512-49NvjZIXHly56/PLoEDD7VphbO4N8dwMXoApElDFCpVGDNGeKlwlib1tXtnpTF6i2/XIsAj7GgatHB5KHXgBnA==}
    cpu: [arm64]
    os: [win32]

  '@pnpm/exe.win32-x64@12.5.1':
    resolution: {integrity: sha512-ePUmQFPAPJFNMwg1lelDx2PdjHqYRiF0yfg5e6qeDbPNOu97QNo557Ru/SxmCrmt8ydQWNuZXWpdEp019md5vw==}
    cpu: [x64]
    os: [win32]

  pnpm@12.5.1:
    resolution: {integrity: sha512-4/MFvHhKK8ifWtO2E4iJRw+ujSr182thIW7JHCw9ZAiXdfneOKrDMQROpA8kXLDVZmOS399lgk4ZB+9qLGLeXw==}
    engines: {node: '>=18.*'}
    hasBin: true

snapshots:

  '@pnpm/exe.android-arm64@12.5.1':
    optional: true

  '@pnpm/exe.android-x64@12.5.1':
    optional: true

  '@pnpm/exe.darwin-arm64@12.5.1':
    optional: true

  '@pnpm/exe.darwin-x64@12.5.1':
    optional: true

  '@pnpm/exe.freebsd-x64@12.5.1':
    optional: true

  '@pnpm/exe.linux-arm64-musl@12.5.1':
    optional: true

  '@pnpm/exe.linux-arm64@12.5.1':
    optional: true

  '@pnpm/exe.linux-ppc64@12.5.1':
    optional: true

  '@pnpm/exe.linux-riscv64@12.5.1':
    optional: true

  '@pnpm/exe.linux-s390x@12.5.1':
    optional: true

  '@pnpm/exe.linux-x64-musl@12.5.1':
    optional: true

  '@pnpm/exe.linux-x64@12.5.1':
    optional: true

  '@pnpm/exe.win32-arm64@12.5.1':
    optional: true

  '@pnpm/exe.win32-x64@12.5.1':
    optional: true

  pnpm@12.5.1:
    optionalDependencies:
      '@pnpm/exe.android-arm64': 12.5.1
      '@pnpm/exe.android-x64': 12.5.1
      '@pnpm/exe.darwin-arm64': 12.5.1
      '@pnpm/exe.darwin-x64': 12.5.1
      '@pnpm/exe.freebsd-x64': 12.5.1
      '@pnpm/exe.linux-arm64': 12.5.1
      '@pnpm/exe.linux-arm64-musl': 12.5.1
      '@pnpm/exe.linux-ppc64': 12.5.1
      '@pnpm/exe.linux-riscv64': 12.5.1
      '@pnpm/exe.linux-s390x': 12.5.1
      '@pnpm/exe.linux-x64': 12.5.1
      '@pnpm/exe.linux-x64-musl': 12.5.1
      '@pnpm/exe.win32-arm64': 12.5.1
      '@pnpm/exe.win32-x64': 12.5.1

---
lockfileVersion: '9.0'

settings:
  autoInstallPeers: true
  excludeLinksFromLockfile: false

importers:

  .:
    dependencies:
      pixi.js:
        specifier: 8.21.0
        version: 8.21.0

packages:

  '@pixi/colord@2.9.6':
    resolution: {integrity: sha512-nezytU2pw587fQstUu1AsJZDVEynjskwOL+kibwcdxsMBFqPsFFNA7xl0ii/gXuDi6M0xj3mfRJj8pBSc2jCfA==}

  '@types/earcut@3.0.0':
    resolution: {integrity: sha512-k/9fOUGO39yd2sCjrbAJvGDEQvRwRnQIZlBz43roGwUZo5SHAmyVvSFyaVVZkicRVCaDXPKlbxrUcBuJoSWunQ==}

  '@webgpu/types@0.1.74':
    resolution: {integrity: sha512-lgiI4hbuLcI9unnm2cL/tvCaQU45dp0xcLWJh5uB/9MBGvIA4F8XIk7nSiBeg+K4xWGYwgZKn80LmERI5CxoTA==}

  '@xmldom/xmldom@0.8.15':
    resolution: {integrity: sha512-/5NV/vDALVFDXgLmfsy9TRCBlKwO2LNBFzpzvb9iIj+jR+eSc6DLYYvVOdivT/jm7MtU6TebYuRmzEOI7w40UA==}
    engines: {node: '>=10.0.0'}

  earcut@3.2.3:
    resolution: {integrity: sha512-vnS4AVwp1KHAF13i1vp1/2D5evWy3k5u/iW/B81QVsUZtV8cv2tU0b2VNFlqvh4kYwrFMDdjPCfAmfyJW9y14Q==}

  eventemitter3@5.0.4:
    resolution: {integrity: sha512-mlsTRyGaPBjPedk6Bvw+aqbsXDtoAyAzm5MO7JgU+yVRyMQ5O8bD4Kcci7BS85f93veegeCPkL8R4GLClnjLFw==}

  gifuct-js@2.1.2:
    resolution: {integrity: sha512-rI2asw77u0mGgwhV3qA+OEgYqaDn5UNqgs+Bx0FGwSpuqfYn+Ir6RQY5ENNQ8SbIiG/m5gVa7CD5RriO4f4Lsg==}

  ismobilejs@1.1.1:
    resolution: {integrity: sha512-VaFW53yt8QO61k2WJui0dHf4SlL8lxBofUuUmwBo0ljPk0Drz2TiuDW4jo3wDcv41qy/SxrJ+VAzJ/qYqsmzRw==}

  js-binary-schema-parser@2.0.3:
    resolution: {integrity: sha512-xezGJmOb4lk/M1ZZLTR/jaBHQ4gG/lqQnJqdIv4721DMggsa1bDVlHXNeHYogaIEHD9vCRv0fcL4hMA+Coarkg==}

  parse-svg-path@0.2.0:
    resolution: {integrity: sha512-Tf7FFIrguPKQwzD4pWnYkR2VOv3raoHeKED80Bm+BYHI3KxC8KsgsGC5+fSMzAGDA6UEk4bHvmi+RsjmL3khpg==}

  pixi.js@8.21.0:
    resolution: {integrity: sha512-GJ/KqBtUuWDBPMQu2D0ZHsRCYOcWRjjKrpyC+3jPQI5JTqHMC5dH8l9sSyvoUT4qJidvRzs1fwFWRWceno2Ltw==}

  tiny-lru@11.4.7:
    resolution: {integrity: sha512-w/Te7uMUVeH0CR8vZIjr+XiN41V+30lkDdK+NRIDCUYKKuL9VcmaUEmaPISuwGhLlrTGh5yu18lENtR9axSxYw==}
    engines: {node: '>=12'}

snapshots:

  '@pixi/colord@2.9.6': {}

  '@types/earcut@3.0.0': {}

  '@webgpu/types@0.1.74': {}

  '@xmldom/xmldom@0.8.15': {}

  earcut@3.2.3: {}

  eventemitter3@5.0.4: {}

  gifuct-js@2.1.2:
    dependencies:
      js-binary-schema-parser: 2.0.3

  ismobilejs@1.1.1: {}

  js-binary-schema-parser@2.0.3: {}

  parse-svg-path@0.2.0: {}

  pixi.js@8.21.0:
    dependencies:
      '@pixi/colord': 2.9.6
      '@types/earcut': 3.0.0
      '@webgpu/types': 0.1.74
      '@xmldom/xmldom': 0.8.15
      earcut: 3.2.3
      eventemitter3: 5.0.4
      gifuct-js: 2.1.2
      ismobilejs: 1.1.1
      parse-svg-path: 0.2.0
      tiny-lru: 11.4.7

  tiny-lru@11.4.7: {}
