# Code generated by scarb DO NOT EDIT.
version = 1

[[package]]
name = "openzeppelin_account"
version = "4.0.1"
source = "registry+https://scarbs.xyz/"
checksum = "sha256:696c00da4fe4fb7e91f6d5c81157d7c10cd1125fdcce677a9557fb10cf2fa185"
dependencies = [
 "openzeppelin_interfaces",
 "openzeppelin_introspection",
 "openzeppelin_utils",
]

[[package]]
name = "openzeppelin_interfaces"
version = "2.2.0"
source = "registry+https://scarbs.xyz/"
checksum = "sha256:200679b2fc9d477ad09fff53d86ba737a1e0595f583f8c3cf3dd14290cd05ef5"

[[package]]
name = "openzeppelin_introspection"
version = "4.0.1"
source = "registry+https://scarbs.xyz/"
checksum = "sha256:087017ddb37b430704470a042c0d358a3e33098ac277b7f783dfb6cddbd4ad23"
dependencies = [
 "openzeppelin_interfaces",
]

[[package]]
name = "openzeppelin_utils"
version = "2.2.0"
source = "registry+https://scarbs.xyz/"
checksum = "sha256:a72fa07988980781999dde2fe3a9ffe2c7a537ed0590795718aeaae3054be95f"
dependencies = [
 "openzeppelin_interfaces",
]

[[package]]
name = "snforge_scarb_plugin"
version = "0.61.0"
source = "registry+https://scarbs.xyz/"
checksum = "sha256:6b5d7d4e3fc03b00a9913cb31c9bcf2a1fde23c10760e776fdac493b1f39086b"

[[package]]
name = "snforge_std"
version = "0.61.0"
source = "registry+https://scarbs.xyz/"
checksum = "sha256:e54712a6a33b746e1898db099688ed8b980eaed24d4dd21abf54285f04cf3aeb"
dependencies = [
 "snforge_scarb_plugin",
]

[[package]]
name = "spk2account"
version = "0.1.0"
dependencies = [
 "openzeppelin_account",
 "openzeppelin_interfaces",
 "openzeppelin_introspection",
 "snforge_std",
]
