# Code generated by scarb DO NOT EDIT.
version = 1

[[package]]
name = "grimworld_logic"
version = "0.1.0"
dependencies = [
 "hexx",
]

[[package]]
name = "grimworld_persistent"
version = "0.1.0"
dependencies = [
 "grimworld_logic",
]

[[package]]
name = "hexx"
version = "0.1.0-rc.2"
source = "registry+https://scarbs.xyz/"
checksum = "sha256:c4bf8aef830ca5ed0d9ebc02ad82aeea637ae96ab7311bbf522fc8d4d613a753"

[[package]]
name = "snforge_scarb_plugin"
version = "0.64.1"
source = "registry+https://scarbs.xyz/"
checksum = "sha256:811790c3a1b0c4008c3da568ba2bb4204ecedadb15a0b73fed4b81572bb66e88"

[[package]]
name = "snforge_std"
version = "0.64.1"
source = "registry+https://scarbs.xyz/"
checksum = "sha256:01fe1a1853f8899a455cdc99a408a56f76cc6c069abdf56dcf98709665c272e8"
dependencies = [
 "snforge_scarb_plugin",
]

[[package]]
name = "spk16"
version = "0.1.0"
dependencies = [
 "grimworld_logic",
 "grimworld_persistent",
 "hexx",
 "snforge_std",
]
